
Microsoft Visual Studio Solution File, Format Version 12.00
# Visual Studio 15
VisualStudioVersion = 15.0.26730.12
MinimumVisualStudioVersion = 10.0.40219.1
Project("{FAE04EC0-301F-11D3-BF4B-00C04F79EFBC}") = "Boter_Kaas_Eieren", "Boter_Kaas_Eieren\Boter_Kaas_Eieren.csproj", "{209FA684-E3A7-4565-BA2B-0EDFF05098A0}"
EndProject
Global
	GlobalSection(SolutionConfigurationPlatforms) = preSolution
		Debug|Any CPU = Debug|Any CPU
		Release|Any CPU = Release|Any CPU
	EndGlobalSection
	GlobalSection(ProjectConfigurationPlatforms) = postSolution
		{209FA684-E3A7-4565-BA2B-0EDFF05098A0}.Debug|Any CPU.ActiveCfg = Debug|Any CPU
		{209FA684-E3A7-4565-BA2B-0EDFF05098A0}.Debug|Any CPU.Build.0 = Debug|Any CPU
		{209FA684-E3A7-4565-BA2B-0EDFF05098A0}.Release|Any CPU.ActiveCfg = Release|Any CPU
		{209FA684-E3A7-4565-BA2B-0EDFF05098A0}.Release|Any CPU.Build.0 = Release|Any CPU
	EndGlobalSection
	GlobalSection(SolutionProperties) = preSolution
		HideSolutionNode = FALSE
	EndGlobalSection
	GlobalSection(ExtensibilityGlobals) = postSolution
		SolutionGuid = {EC32FE26-B6B9-4FA3-8208-EBFB973626F0}
	EndGlobalSection
EndGlobal
